
Microsoft Visual Studio Solution File, Format Version 12.00
# Visual Studio Version 17
VisualStudioVersion = 17.0.31903.59
MinimumVisualStudioVersion = 10.0.40219.1
Project("{FAE04EC0-301F-11D3-BF4B-00C04F79EFBC}") = "CarRental.Api", "CarRental.Api\CarRental.Api.csproj", "{C670E53B-DDA7-4105-974D-A560D729CB25}"
EndProject
Project("{FAE04EC0-301F-11D3-BF4B-00C04F79EFBC}") = "CarRental.Domain", "CarRental.Domain\CarRental.Domain.csproj", "{3106E119-B7F8-44A3-A7F8-D5C0F982E356}"
EndProject
Project("{FAE04EC0-301F-11D3-BF4B-00C04F79EFBC}") = "CarRental.Application", "CarRental.Application\CarRental.Application.csproj", "{898380ED-D3E3-4F0A-ADB6-2194E050A19C}"
EndProject
Project("{FAE04EC0-301F-11D3-BF4B-00C04F79EFBC}") = "CarRental.Infraestructure", "CarRental.Infraestructure\CarRental.Infraestructure.csproj", "{F7A68133-9C2C-4844-909D-B7A87ACF87C5}"
EndProject
Global
	GlobalSection(SolutionConfigurationPlatforms) = preSolution
		Debug|Any CPU = Debug|Any CPU
		Release|Any CPU = Release|Any CPU
	EndGlobalSection
	GlobalSection(SolutionProperties) = preSolution
		HideSolutionNode = FALSE
	EndGlobalSection
	GlobalSection(ProjectConfigurationPlatforms) = postSolution
		{C670E53B-DDA7-4105-974D-A560D729CB25}.Debug|Any CPU.ActiveCfg = Debug|Any CPU
		{C670E53B-DDA7-4105-974D-A560D729CB25}.Debug|Any CPU.Build.0 = Debug|Any CPU
		{C670E53B-DDA7-4105-974D-A560D729CB25}.Release|Any CPU.ActiveCfg = Release|Any CPU
		{C670E53B-DDA7-4105-974D-A560D729CB25}.Release|Any CPU.Build.0 = Release|Any CPU
		{3106E119-B7F8-44A3-A7F8-D5C0F982E356}.Debug|Any CPU.ActiveCfg = Debug|Any CPU
		{3106E119-B7F8-44A3-A7F8-D5C0F982E356}.Debug|Any CPU.Build.0 = Debug|Any CPU
		{3106E119-B7F8-44A3-A7F8-D5C0F982E356}.Release|Any CPU.ActiveCfg = Release|Any CPU
		{3106E119-B7F8-44A3-A7F8-D5C0F982E356}.Release|Any CPU.Build.0 = Release|Any CPU
		{898380ED-D3E3-4F0A-ADB6-2194E050A19C}.Debug|Any CPU.ActiveCfg = Debug|Any CPU
		{898380ED-D3E3-4F0A-ADB6-2194E050A19C}.Debug|Any CPU.Build.0 = Debug|Any CPU
		{898380ED-D3E3-4F0A-ADB6-2194E050A19C}.Release|Any CPU.ActiveCfg = Release|Any CPU
		{898380ED-D3E3-4F0A-ADB6-2194E050A19C}.Release|Any CPU.Build.0 = Release|Any CPU
		{F7A68133-9C2C-4844-909D-B7A87ACF87C5}.Debug|Any CPU.ActiveCfg = Debug|Any CPU
		{F7A68133-9C2C-4844-909D-B7A87ACF87C5}.Debug|Any CPU.Build.0 = Debug|Any CPU
		{F7A68133-9C2C-4844-909D-B7A87ACF87C5}.Release|Any CPU.ActiveCfg = Release|Any CPU
		{F7A68133-9C2C-4844-909D-B7A87ACF87C5}.Release|Any CPU.Build.0 = Release|Any CPU
	EndGlobalSection
EndGlobal
